
Microsoft Visual Studio Solution File, Format Version 12.00
# Visual Studio Version 16
VisualStudioVersion = 16.0.31019.35
MinimumVisualStudioVersion = 10.0.40219.1
Project("{FAE04EC0-301F-11D3-BF4B-00C04F79EFBC}") = "BankAccount", "BankAccount.csproj", "{75924408-228A-4F82-9002-2945D52F77AA}"
EndProject
Global
	GlobalSection(SolutionConfigurationPlatforms) = preSolution
		Debug|Any CPU = Debug|Any CPU
		Release|Any CPU = Release|Any CPU
	EndGlobalSection
	GlobalSection(ProjectConfigurationPlatforms) = postSolution
		{75924408-228A-4F82-9002-2945D52F77AA}.Debug|Any CPU.ActiveCfg = Debug|Any CPU
		{75924408-228A-4F82-9002-2945D52F77AA}.Debug|Any CPU.Build.0 = Debug|Any CPU
		{75924408-228A-4F82-9002-2945D52F77AA}.Release|Any CPU.ActiveCfg = Release|Any CPU
		{75924408-228A-4F82-9002-2945D52F77AA}.Release|Any CPU.Build.0 = Release|Any CPU
	EndGlobalSection
	GlobalSection(SolutionProperties) = preSolution
		HideSolutionNode = FALSE
	EndGlobalSection
	GlobalSection(ExtensibilityGlobals) = postSolution
		SolutionGuid = {4A5436D1-3E6E-43E2-B0A9-E255B5AB36C3}
	EndGlobalSection
EndGlobal
